
Microsoft Visual Studio Solution File, Format Version 12.00
# Visual Studio Version 17
VisualStudioVersion = 17.13.35913.81
MinimumVisualStudioVersion = 10.0.40219.1
Project("{FAE04EC0-301F-11D3-BF4B-00C04F79EFBC}") = "BookNest_BackEnd", "BookNest_BackEnd\BookNest_BackEnd.csproj", "{E8630B2D-2D4C-4838-AC78-4AABBE33E879}"
EndProject
Project("{FAE04EC0-301F-11D3-BF4B-00C04F79EFBC}") = "BookNest_Services", "BookNest_Services\BookNest_Services.csproj", "{9EAC7CCD-13B9-3884-832E-2B81F2AC16B9}"
EndProject
Project("{FAE04EC0-301F-11D3-BF4B-00C04F79EFBC}") = "BookNest_Repositories", "BookNest_Repositories\BookNest_Repositories.csproj", "{51D0F2D6-D7DC-8EEF-E4D7-270007E5B054}"
EndProject
Global
	GlobalSection(SolutionConfigurationPlatforms) = preSolution
		Debug|Any CPU = Debug|Any CPU
		Debug|x64 = Debug|x64
		Debug|x86 = Debug|x86
		Release|Any CPU = Release|Any CPU
		Release|x64 = Release|x64
		Release|x86 = Release|x86
	EndGlobalSection
	GlobalSection(ProjectConfigurationPlatforms) = postSolution
		{E8630B2D-2D4C-4838-AC78-4AABBE33E879}.Debug|Any CPU.ActiveCfg = Debug|Any CPU
		{E8630B2D-2D4C-4838-AC78-4AABBE33E879}.Debug|Any CPU.Build.0 = Debug|Any CPU
		{E8630B2D-2D4C-4838-AC78-4AABBE33E879}.Debug|x64.ActiveCfg = Debug|Any CPU
		{E8630B2D-2D4C-4838-AC78-4AABBE33E879}.Debug|x64.Build.0 = Debug|Any CPU
		{E8630B2D-2D4C-4838-AC78-4AABBE33E879}.Debug|x86.ActiveCfg = Debug|Any CPU
		{E8630B2D-2D4C-4838-AC78-4AABBE33E879}.Debug|x86.Build.0 = Debug|Any CPU
		{E8630B2D-2D4C-4838-AC78-4AABBE33E879}.Release|Any CPU.ActiveCfg = Release|Any CPU
		{E8630B2D-2D4C-4838-AC78-4AABBE33E879}.Release|Any CPU.Build.0 = Release|Any CPU
		{E8630B2D-2D4C-4838-AC78-4AABBE33E879}.Release|x64.ActiveCfg = Release|Any CPU
		{E8630B2D-2D4C-4838-AC78-4AABBE33E879}.Release|x64.Build.0 = Release|Any CPU
		{E8630B2D-2D4C-4838-AC78-4AABBE33E879}.Release|x86.ActiveCfg = Release|Any CPU
		{E8630B2D-2D4C-4838-AC78-4AABBE33E879}.Release|x86.Build.0 = Release|Any CPU
		{9EAC7CCD-13B9-3884-832E-2B81F2AC16B9}.Debug|Any CPU.ActiveCfg = Debug|Any CPU
		{9EAC7CCD-13B9-3884-832E-2B81F2AC16B9}.Debug|Any CPU.Build.0 = Debug|Any CPU
		{9EAC7CCD-13B9-3884-832E-2B81F2AC16B9}.Debug|x64.ActiveCfg = Debug|Any CPU
		{9EAC7CCD-13B9-3884-832E-2B81F2AC16B9}.Debug|x64.Build.0 = Debug|Any CPU
		{9EAC7CCD-13B9-3884-832E-2B81F2AC16B9}.Debug|x86.ActiveCfg = Debug|Any CPU
		{9EAC7CCD-13B9-3884-832E-2B81F2AC16B9}.Debug|x86.Build.0 = Debug|Any CPU
		{9EAC7CCD-13B9-3884-832E-2B81F2AC16B9}.Release|Any CPU.ActiveCfg = Release|Any CPU
		{9EAC7CCD-13B9-3884-832E-2B81F2AC16B9}.Release|Any CPU.Build.0 = Release|Any CPU
		{9EAC7CCD-13B9-3884-832E-2B81F2AC16B9}.Release|x64.ActiveCfg = Release|Any CPU
		{9EAC7CCD-13B9-3884-832E-2B81F2AC16B9}.Release|x64.Build.0 = Release|Any CPU
		{9EAC7CCD-13B9-3884-832E-2B81F2AC16B9}.Release|x86.ActiveCfg = Release|Any CPU
		{9EAC7CCD-13B9-3884-832E-2B81F2AC16B9}.Release|x86.Build.0 = Release|Any CPU
		{51D0F2D6-D7DC-8EEF-E4D7-270007E5B054}.Debug|Any CPU.ActiveCfg = Debug|Any CPU
		{51D0F2D6-D7DC-8EEF-E4D7-270007E5B054}.Debug|Any CPU.Build.0 = Debug|Any CPU
		{51D0F2D6-D7DC-8EEF-E4D7-270007E5B054}.Debug|x64.ActiveCfg = Debug|Any CPU
		{51D0F2D6-D7DC-8EEF-E4D7-270007E5B054}.Debug|x64.Build.0 = Debug|Any CPU
		{51D0F2D6-D7DC-8EEF-E4D7-270007E5B054}.Debug|x86.ActiveCfg = Debug|Any CPU
		{51D0F2D6-D7DC-8EEF-E4D7-270007E5B054}.Debug|x86.Build.0 = Debug|Any CPU
		{51D0F2D6-D7DC-8EEF-E4D7-270007E5B054}.Release|Any CPU.ActiveCfg = Release|Any CPU
		{51D0F2D6-D7DC-8EEF-E4D7-270007E5B054}.Release|Any CPU.Build.0 = Release|Any CPU
		{51D0F2D6-D7DC-8EEF-E4D7-270007E5B054}.Release|x64.ActiveCfg = Release|Any CPU
		{51D0F2D6-D7DC-8EEF-E4D7-270007E5B054}.Release|x64.Build.0 = Release|Any CPU
		{51D0F2D6-D7DC-8EEF-E4D7-270007E5B054}.Release|x86.ActiveCfg = Release|Any CPU
		{51D0F2D6-D7DC-8EEF-E4D7-270007E5B054}.Release|x86.Build.0 = Release|Any CPU
	EndGlobalSection
	GlobalSection(SolutionProperties) = preSolution
		HideSolutionNode = FALSE
	EndGlobalSection
	GlobalSection(ExtensibilityGlobals) = postSolution
		SolutionGuid = {25581047-45DD-45AE-AB3B-223953782A8D}
	EndGlobalSection
EndGlobal
